
Microsoft Visual Studio Solution File, Format Version 12.00
# Visual Studio Version 17
VisualStudioVersion = 17.9.34902.65
MinimumVisualStudioVersion = 10.0.40219.1
Project("{FAE04EC0-301F-11D3-BF4B-00C04F79EFBC}") = "ndimInterpreter", "ndimInterpreter.csproj", "{78075FF7-CDD8-4DE5-9C87-02AF5FC0D8D8}"
EndProject
Global
	GlobalSection(SolutionConfigurationPlatforms) = preSolution
		Debug|Any CPU = Debug|Any CPU
		Release|Any CPU = Release|Any CPU
	EndGlobalSection
	GlobalSection(ProjectConfigurationPlatforms) = postSolution
		{78075FF7-CDD8-4DE5-9C87-02AF5FC0D8D8}.Debug|Any CPU.ActiveCfg = Debug|Any CPU
		{78075FF7-CDD8-4DE5-9C87-02AF5FC0D8D8}.Debug|Any CPU.Build.0 = Debug|Any CPU
		{78075FF7-CDD8-4DE5-9C87-02AF5FC0D8D8}.Release|Any CPU.ActiveCfg = Release|Any CPU
		{78075FF7-CDD8-4DE5-9C87-02AF5FC0D8D8}.Release|Any CPU.Build.0 = Release|Any CPU
	EndGlobalSection
	GlobalSection(SolutionProperties) = preSolution
		HideSolutionNode = FALSE
	EndGlobalSection
	GlobalSection(ExtensibilityGlobals) = postSolution
		SolutionGuid = {D756ED88-436E-47A9-9CFF-8583FABE6A5C}
	EndGlobalSection
EndGlobal
